
Microsoft Visual Studio Solution File, Format Version 12.00
# Visual Studio 15
VisualStudioVersion = 15.0.27428.2011
MinimumVisualStudioVersion = 10.0.40219.1
Project("{8BC9CEB8-8B4A-11D0-8D11-00A0C91BC942}") = "MThread", "MThread\MThread.vcxproj", "{206F0375-F2C0-48BB-B572-D38389E87A19}"
EndProject
Project("{8BC9CEB8-8B4A-11D0-8D11-00A0C91BC942}") = "test", "..\test\test\test.vcxproj", "{639A6B04-959C-4776-BD09-2C5C760C4FB7}"
EndProject
Global
	GlobalSection(SolutionConfigurationPlatforms) = preSolution
		Debug|x64 = Debug|x64
		Debug|x86 = Debug|x86
		Release|x64 = Release|x64
		Release|x86 = Release|x86
	EndGlobalSection
	GlobalSection(ProjectConfigurationPlatforms) = postSolution
		{206F0375-F2C0-48BB-B572-D38389E87A19}.Debug|x64.ActiveCfg = Debug|x64
		{206F0375-F2C0-48BB-B572-D38389E87A19}.Debug|x64.Build.0 = Debug|x64
		{206F0375-F2C0-48BB-B572-D38389E87A19}.Debug|x86.ActiveCfg = Debug|Win32
		{206F0375-F2C0-48BB-B572-D38389E87A19}.Debug|x86.Build.0 = Debug|Win32
		{206F0375-F2C0-48BB-B572-D38389E87A19}.Release|x64.ActiveCfg = Release|x64
		{206F0375-F2C0-48BB-B572-D38389E87A19}.Release|x64.Build.0 = Release|x64
		{206F0375-F2C0-48BB-B572-D38389E87A19}.Release|x86.ActiveCfg = Release|Win32
		{206F0375-F2C0-48BB-B572-D38389E87A19}.Release|x86.Build.0 = Release|Win32
		{639A6B04-959C-4776-BD09-2C5C760C4FB7}.Debug|x64.ActiveCfg = Debug|x64
		{639A6B04-959C-4776-BD09-2C5C760C4FB7}.Debug|x64.Build.0 = Debug|x64
		{639A6B04-959C-4776-BD09-2C5C760C4FB7}.Debug|x86.ActiveCfg = Debug|Win32
		{639A6B04-959C-4776-BD09-2C5C760C4FB7}.Debug|x86.Build.0 = Debug|Win32
		{639A6B04-959C-4776-BD09-2C5C760C4FB7}.Release|x64.ActiveCfg = Release|x64
		{639A6B04-959C-4776-BD09-2C5C760C4FB7}.Release|x64.Build.0 = Release|x64
		{639A6B04-959C-4776-BD09-2C5C760C4FB7}.Release|x86.ActiveCfg = Release|Win32
		{639A6B04-959C-4776-BD09-2C5C760C4FB7}.Release|x86.Build.0 = Release|Win32
	EndGlobalSection
	GlobalSection(SolutionProperties) = preSolution
		HideSolutionNode = FALSE
	EndGlobalSection
	GlobalSection(ExtensibilityGlobals) = postSolution
		SolutionGuid = {6DD9B4E7-2D8B-4BFA-A42B-2F80DADDE726}
	EndGlobalSection
EndGlobal
